
Microsoft Visual Studio Solution File, Format Version 12.00
# Visual Studio Version 16
VisualStudioVersion = 16.0.31129.286
MinimumVisualStudioVersion = 10.0.40219.1
Project("{FAE04EC0-301F-11D3-BF4B-00C04F79EFBC}") = "FirstWebApp", "FirstWebApp\FirstWebApp.csproj", "{FF09DD81-C428-418C-ACAC-5CC5B0B48E1B}"
EndProject
Project("{FAE04EC0-301F-11D3-BF4B-00C04F79EFBC}") = "MyFirstWeb.Data", "MyFirstWeb.Data\MyFirstWeb.Data.csproj", "{084516FE-2807-448C-BA10-1214EB691BC1}"
EndProject
Project("{FAE04EC0-301F-11D3-BF4B-00C04F79EFBC}") = "FirstWeb.BizEntities", "FirstWeb.BizEntities\FirstWeb.BizEntities.csproj", "{D70D5C01-68CB-4CCC-923B-6F871434983D}"
EndProject
Project("{FAE04EC0-301F-11D3-BF4B-00C04F79EFBC}") = "FirstWeb.WManager", "FirstWeb.WManager\FirstWeb.WManager.csproj", "{C2134C17-087C-41C0-9F4B-F106B1F6D1D9}"
EndProject
Project("{FAE04EC0-301F-11D3-BF4B-00C04F79EFBC}") = "FirstWeb.Logger", "FirstWeb.Logger\FirstWeb.Logger.csproj", "{4B85E170-3060-4BE9-8BE1-BD4A15AC8034}"
EndProject
Project("{FAE04EC0-301F-11D3-BF4B-00C04F79EFBC}") = "FirstWeb.Delete", "FirstWeb.Delete\FirstWeb.Delete.csproj", "{C53947EB-7970-4F68-B4C2-F6B908395EE7}"
EndProject
Project("{FAE04EC0-301F-11D3-BF4B-00C04F79EFBC}") = "FirstWeb.Update", "FirstWeb.Update\FirstWeb.Update.csproj", "{6DB6F940-5443-42EB-9340-987C3DB96D1F}"
EndProject
Global
	GlobalSection(SolutionConfigurationPlatforms) = preSolution
		Debug|Any CPU = Debug|Any CPU
		Release|Any CPU = Release|Any CPU
	EndGlobalSection
	GlobalSection(ProjectConfigurationPlatforms) = postSolution
		{FF09DD81-C428-418C-ACAC-5CC5B0B48E1B}.Debug|Any CPU.ActiveCfg = Debug|Any CPU
		{FF09DD81-C428-418C-ACAC-5CC5B0B48E1B}.Debug|Any CPU.Build.0 = Debug|Any CPU
		{FF09DD81-C428-418C-ACAC-5CC5B0B48E1B}.Release|Any CPU.ActiveCfg = Release|Any CPU
		{FF09DD81-C428-418C-ACAC-5CC5B0B48E1B}.Release|Any CPU.Build.0 = Release|Any CPU
		{084516FE-2807-448C-BA10-1214EB691BC1}.Debug|Any CPU.ActiveCfg = Debug|Any CPU
		{084516FE-2807-448C-BA10-1214EB691BC1}.Debug|Any CPU.Build.0 = Debug|Any CPU
		{084516FE-2807-448C-BA10-1214EB691BC1}.Release|Any CPU.ActiveCfg = Release|Any CPU
		{084516FE-2807-448C-BA10-1214EB691BC1}.Release|Any CPU.Build.0 = Release|Any CPU
		{D70D5C01-68CB-4CCC-923B-6F871434983D}.Debug|Any CPU.ActiveCfg = Debug|Any CPU
		{D70D5C01-68CB-4CCC-923B-6F871434983D}.Debug|Any CPU.Build.0 = Debug|Any CPU
		{D70D5C01-68CB-4CCC-923B-6F871434983D}.Release|Any CPU.ActiveCfg = Release|Any CPU
		{D70D5C01-68CB-4CCC-923B-6F871434983D}.Release|Any CPU.Build.0 = Release|Any CPU
		{C2134C17-087C-41C0-9F4B-F106B1F6D1D9}.Debug|Any CPU.ActiveCfg = Debug|Any CPU
		{C2134C17-087C-41C0-9F4B-F106B1F6D1D9}.Debug|Any CPU.Build.0 = Debug|Any CPU
		{C2134C17-087C-41C0-9F4B-F106B1F6D1D9}.Release|Any CPU.ActiveCfg = Release|Any CPU
		{C2134C17-087C-41C0-9F4B-F106B1F6D1D9}.Release|Any CPU.Build.0 = Release|Any CPU
		{4B85E170-3060-4BE9-8BE1-BD4A15AC8034}.Debug|Any CPU.ActiveCfg = Debug|Any CPU
		{4B85E170-3060-4BE9-8BE1-BD4A15AC8034}.Debug|Any CPU.Build.0 = Debug|Any CPU
		{4B85E170-3060-4BE9-8BE1-BD4A15AC8034}.Release|Any CPU.ActiveCfg = Release|Any CPU
		{4B85E170-3060-4BE9-8BE1-BD4A15AC8034}.Release|Any CPU.Build.0 = Release|Any CPU
		{C53947EB-7970-4F68-B4C2-F6B908395EE7}.Debug|Any CPU.ActiveCfg = Debug|Any CPU
		{C53947EB-7970-4F68-B4C2-F6B908395EE7}.Debug|Any CPU.Build.0 = Debug|Any CPU
		{C53947EB-7970-4F68-B4C2-F6B908395EE7}.Release|Any CPU.ActiveCfg = Release|Any CPU
		{C53947EB-7970-4F68-B4C2-F6B908395EE7}.Release|Any CPU.Build.0 = Release|Any CPU
		{6DB6F940-5443-42EB-9340-987C3DB96D1F}.Debug|Any CPU.ActiveCfg = Debug|Any CPU
		{6DB6F940-5443-42EB-9340-987C3DB96D1F}.Debug|Any CPU.Build.0 = Debug|Any CPU
		{6DB6F940-5443-42EB-9340-987C3DB96D1F}.Release|Any CPU.ActiveCfg = Release|Any CPU
		{6DB6F940-5443-42EB-9340-987C3DB96D1F}.Release|Any CPU.Build.0 = Release|Any CPU
	EndGlobalSection
	GlobalSection(SolutionProperties) = preSolution
		HideSolutionNode = FALSE
	EndGlobalSection
	GlobalSection(ExtensibilityGlobals) = postSolution
		SolutionGuid = {64F815D2-76E0-404D-93EC-31877405E0FE}
	EndGlobalSection
EndGlobal
